
Microsoft Visual Studio Solution File, Format Version 12.00
# Visual Studio 15
VisualStudioVersion = 15.0.26430.16
MinimumVisualStudioVersion = 10.0.40219.1
Project("{9A19103F-16F7-4668-BE54-9A1E7A4F7556}") = "Rethought.Optional", "Optional\Rethought.Optional.csproj", "{BDAE4370-B7A7-41B4-BCF9-8D201C811914}"
EndProject
Global
	GlobalSection(SolutionConfigurationPlatforms) = preSolution
		Debug|Any CPU = Debug|Any CPU
		Release|Any CPU = Release|Any CPU
	EndGlobalSection
	GlobalSection(ProjectConfigurationPlatforms) = postSolution
		{BDAE4370-B7A7-41B4-BCF9-8D201C811914}.Debug|Any CPU.ActiveCfg = Debug|Any CPU
		{BDAE4370-B7A7-41B4-BCF9-8D201C811914}.Debug|Any CPU.Build.0 = Debug|Any CPU
		{BDAE4370-B7A7-41B4-BCF9-8D201C811914}.Release|Any CPU.ActiveCfg = Release|Any CPU
		{BDAE4370-B7A7-41B4-BCF9-8D201C811914}.Release|Any CPU.Build.0 = Release|Any CPU
	EndGlobalSection
	GlobalSection(SolutionProperties) = preSolution
		HideSolutionNode = FALSE
	EndGlobalSection
	GlobalSection(ExtensibilityGlobals) = postSolution
		SolutionGuid = {6956443F-4BCB-4A69-8D22-CCD0854D0E2F}
	EndGlobalSection
EndGlobal
